Microsoft Visual Studio Solution File, Format Version 11.00
# Visual Studio 2008

Project("{7F5AC7F8-38B2-CC10-3320-65DCBD16B11B}") = "The Modern Warrior", "Assembly-UnityScript.unityproj", "{D1D99810-3A3E-2D7B-DFCB-4FB3E66999BC}"
EndProject
Global
	GlobalSection(SolutionConfigurationPlatforms) = preSolution
		Debug|Any CPU = Debug|Any CPU
		Release|Any CPU = Release|Any CPU
	EndGlobalSection
	GlobalSection(ProjectConfigurationPlatforms) = postSolution
		{D1D99810-3A3E-2D7B-DFCB-4FB3E66999BC}.Debug|Any CPU.ActiveCfg = Debug|Any CPU
		{D1D99810-3A3E-2D7B-DFCB-4FB3E66999BC}.Debug|Any CPU.Build.0 = Debug|Any CPU
		{D1D99810-3A3E-2D7B-DFCB-4FB3E66999BC}.Release|Any CPU.ActiveCfg = Release|Any CPU
		{D1D99810-3A3E-2D7B-DFCB-4FB3E66999BC}.Release|Any CPU.Build.0 = Release|Any CPU
	EndGlobalSection
	GlobalSection(SolutionProperties) = preSolution
		HideSolutionNode = FALSE
	EndGlobalSection
						GlobalSection(MonoDevelopProperties) = preSolution
		StartupItem = Assembly-CSharp.csproj
		Policies = $0
		$0.TextStylePolicy = $1
		$1.inheritsSet = null
		$1.scope = text/x-csharp
		$0.CSharpFormattingPolicy = $2
		$2.inheritsSet = Mono
		$2.inheritsScope = text/x-csharp
		$2.scope = text/x-csharp
		$0.TextStylePolicy = $3
		$3.FileWidth = 120
		$3.TabWidth = 4
		$3.EolMarker = Unix
		$3.inheritsSet = Mono
		$3.inheritsScope = text/plain
		$3.scope = text/plain
	EndGlobalSection

EndGlobal
